
Microsoft Visual Studio Solution File, Format Version 12.00
# Visual Studio Version 17
VisualStudioVersion = 17.8.34511.84
MinimumVisualStudioVersion = 10.0.40219.1
Project("{8BC9CEB8-8B4A-11D0-8D11-00A0C91BC942}") = "Physics Engine", "Physics Engine\Physics Engine.vcxproj", "{5C9A23A8-2BC3-4747-92A0-98AA29C9FA96}"
EndProject
Global
	GlobalSection(SolutionConfigurationPlatforms) = preSolution
		Debug|x64 = Debug|x64
		Debug|x86 = Debug|x86
		Release|x64 = Release|x64
		Release|x86 = Release|x86
	EndGlobalSection
	GlobalSection(ProjectConfigurationPlatforms) = postSolution
		{5C9A23A8-2BC3-4747-92A0-98AA29C9FA96}.Debug|x64.ActiveCfg = Debug|x64
		{5C9A23A8-2BC3-4747-92A0-98AA29C9FA96}.Debug|x64.Build.0 = Debug|x64
		{5C9A23A8-2BC3-4747-92A0-98AA29C9FA96}.Debug|x86.ActiveCfg = Debug|Win32
		{5C9A23A8-2BC3-4747-92A0-98AA29C9FA96}.Debug|x86.Build.0 = Debug|Win32
		{5C9A23A8-2BC3-4747-92A0-98AA29C9FA96}.Release|x64.ActiveCfg = Release|x64
		{5C9A23A8-2BC3-4747-92A0-98AA29C9FA96}.Release|x64.Build.0 = Release|x64
		{5C9A23A8-2BC3-4747-92A0-98AA29C9FA96}.Release|x86.ActiveCfg = Release|Win32
		{5C9A23A8-2BC3-4747-92A0-98AA29C9FA96}.Release|x86.Build.0 = Release|Win32
	EndGlobalSection
	GlobalSection(SolutionProperties) = preSolution
		HideSolutionNode = FALSE
	EndGlobalSection
	GlobalSection(ExtensibilityGlobals) = postSolution
		SolutionGuid = {D68945CA-A7F9-4E4E-88FA-041A240E38AA}
	EndGlobalSection
EndGlobal
