<?xml version="1.0" encoding="utf-8"?>
<Project ToolsVersion="4.0" xmlns="http://schemas.microsoft.com/developer/msbuild/2003">
  <ItemGroup>
    <ClCompile Include="Physics Engine.cpp" />
    <ClCompile Include="Graphics\DirectXDevice.cpp" />
    <ClCompile Include="Maths\MathsHelpers.cpp" />
    <ClCompile Include="Maths\Vector2.cpp" />
    <ClCompile Include="Maths\Vector3.cpp" />
    <ClCompile Include="Maths\Vector4.cpp" />
    <ClCompile Include="Maths\Matrix4x4.cpp" />
    <ClCompile Include="CSystem.cpp" />
    <ClCompile Include="Utility\CInput.cpp" />
  </ItemGroup>
  <ItemGroup>
    <ClInclude Include="Graphics\DirectXDevice.h" />
    <ClInclude Include="Maths\MathsHelpers.h" />
    <ClInclude Include="Maths\Vector2.h" />
    <ClInclude Include="Maths\Vector3.h" />
    <ClInclude Include="Maths\Vector4.h" />
    <ClInclude Include="Maths\Matrix4x4.h" />
    <ClInclude Include="Utility\ColourTypes.h" />
    <ClInclude Include="Utility\Utility.h" />
    <ClInclude Include="CSystem.h" />
    <ClInclude Include="Utility\CInput.h" />
  </ItemGroup>
</Project>